
Microsoft Visual Studio Solution File, Format Version 12.00
# Visual Studio Version 16
VisualStudioVersion = 16.0.30114.105
MinimumVisualStudioVersion = 10.0.40219.1
Project("{FAE04EC0-301F-11D3-BF4B-00C04F79EFBC}") = "ProEventos.Application", "ProEventos.Application\ProEventos.Application.csproj", "{5A26F3E3-C2AC-4BAD-9535-E077AE00910A}"
EndProject
Project("{FAE04EC0-301F-11D3-BF4B-00C04F79EFBC}") = "ProEventos.Domain", "ProEventos.Domain\ProEventos.Domain.csproj", "{FC63210E-D7FC-4D97-B033-AD0307B0580C}"
EndProject
Project("{FAE04EC0-301F-11D3-BF4B-00C04F79EFBC}") = "ProEventos.API", "ProEventos.API\ProEventos.API.csproj", "{3933FE30-63B0-42E4-ADB6-AA10C8758C81}"
EndProject
Project("{FAE04EC0-301F-11D3-BF4B-00C04F79EFBC}") = "ProEventos.Persistence", "ProEventos.Persistence\ProEventos.Persistence.csproj", "{C15383D0-1CAE-47ED-A15B-41CC5F15FF3F}"
EndProject
Global
	GlobalSection(SolutionConfigurationPlatforms) = preSolution
		Debug|Any CPU = Debug|Any CPU
		Debug|x64 = Debug|x64
		Debug|x86 = Debug|x86
		Release|Any CPU = Release|Any CPU
		Release|x64 = Release|x64
		Release|x86 = Release|x86
	EndGlobalSection
	GlobalSection(SolutionProperties) = preSolution
		HideSolutionNode = FALSE
	EndGlobalSection
	GlobalSection(ProjectConfigurationPlatforms) = postSolution
		{5A26F3E3-C2AC-4BAD-9535-E077AE00910A}.Debug|Any CPU.ActiveCfg = Debug|Any CPU
		{5A26F3E3-C2AC-4BAD-9535-E077AE00910A}.Debug|Any CPU.Build.0 = Debug|Any CPU
		{5A26F3E3-C2AC-4BAD-9535-E077AE00910A}.Debug|x64.ActiveCfg = Debug|Any CPU
		{5A26F3E3-C2AC-4BAD-9535-E077AE00910A}.Debug|x64.Build.0 = Debug|Any CPU
		{5A26F3E3-C2AC-4BAD-9535-E077AE00910A}.Debug|x86.ActiveCfg = Debug|Any CPU
		{5A26F3E3-C2AC-4BAD-9535-E077AE00910A}.Debug|x86.Build.0 = Debug|Any CPU
		{5A26F3E3-C2AC-4BAD-9535-E077AE00910A}.Release|Any CPU.ActiveCfg = Release|Any CPU
		{5A26F3E3-C2AC-4BAD-9535-E077AE00910A}.Release|Any CPU.Build.0 = Release|Any CPU
		{5A26F3E3-C2AC-4BAD-9535-E077AE00910A}.Release|x64.ActiveCfg = Release|Any CPU
		{5A26F3E3-C2AC-4BAD-9535-E077AE00910A}.Release|x64.Build.0 = Release|Any CPU
		{5A26F3E3-C2AC-4BAD-9535-E077AE00910A}.Release|x86.ActiveCfg = Release|Any CPU
		{5A26F3E3-C2AC-4BAD-9535-E077AE00910A}.Release|x86.Build.0 = Release|Any CPU
		{FC63210E-D7FC-4D97-B033-AD0307B0580C}.Debug|Any CPU.ActiveCfg = Debug|Any CPU
		{FC63210E-D7FC-4D97-B033-AD0307B0580C}.Debug|Any CPU.Build.0 = Debug|Any CPU
		{FC63210E-D7FC-4D97-B033-AD0307B0580C}.Debug|x64.ActiveCfg = Debug|Any CPU
		{FC63210E-D7FC-4D97-B033-AD0307B0580C}.Debug|x64.Build.0 = Debug|Any CPU
		{FC63210E-D7FC-4D97-B033-AD0307B0580C}.Debug|x86.ActiveCfg = Debug|Any CPU
		{FC63210E-D7FC-4D97-B033-AD0307B0580C}.Debug|x86.Build.0 = Debug|Any CPU
		{FC63210E-D7FC-4D97-B033-AD0307B0580C}.Release|Any CPU.ActiveCfg = Release|Any CPU
		{FC63210E-D7FC-4D97-B033-AD0307B0580C}.Release|Any CPU.Build.0 = Release|Any CPU
		{FC63210E-D7FC-4D97-B033-AD0307B0580C}.Release|x64.ActiveCfg = Release|Any CPU
		{FC63210E-D7FC-4D97-B033-AD0307B0580C}.Release|x64.Build.0 = Release|Any CPU
		{FC63210E-D7FC-4D97-B033-AD0307B0580C}.Release|x86.ActiveCfg = Release|Any CPU
		{FC63210E-D7FC-4D97-B033-AD0307B0580C}.Release|x86.Build.0 = Release|Any CPU
		{3933FE30-63B0-42E4-ADB6-AA10C8758C81}.Debug|Any CPU.ActiveCfg = Debug|Any CPU
		{3933FE30-63B0-42E4-ADB6-AA10C8758C81}.Debug|Any CPU.Build.0 = Debug|Any CPU
		{3933FE30-63B0-42E4-ADB6-AA10C8758C81}.Debug|x64.ActiveCfg = Debug|Any CPU
		{3933FE30-63B0-42E4-ADB6-AA10C8758C81}.Debug|x64.Build.0 = Debug|Any CPU
		{3933FE30-63B0-42E4-ADB6-AA10C8758C81}.Debug|x86.ActiveCfg = Debug|Any CPU
		{3933FE30-63B0-42E4-ADB6-AA10C8758C81}.Debug|x86.Build.0 = Debug|Any CPU
		{3933FE30-63B0-42E4-ADB6-AA10C8758C81}.Release|Any CPU.ActiveCfg = Release|Any CPU
		{3933FE30-63B0-42E4-ADB6-AA10C8758C81}.Release|Any CPU.Build.0 = Release|Any CPU
		{3933FE30-63B0-42E4-ADB6-AA10C8758C81}.Release|x64.ActiveCfg = Release|Any CPU
		{3933FE30-63B0-42E4-ADB6-AA10C8758C81}.Release|x64.Build.0 = Release|Any CPU
		{3933FE30-63B0-42E4-ADB6-AA10C8758C81}.Release|x86.ActiveCfg = Release|Any CPU
		{3933FE30-63B0-42E4-ADB6-AA10C8758C81}.Release|x86.Build.0 = Release|Any CPU
		{C15383D0-1CAE-47ED-A15B-41CC5F15FF3F}.Debug|Any CPU.ActiveCfg = Debug|Any CPU
		{C15383D0-1CAE-47ED-A15B-41CC5F15FF3F}.Debug|Any CPU.Build.0 = Debug|Any CPU
		{C15383D0-1CAE-47ED-A15B-41CC5F15FF3F}.Debug|x64.ActiveCfg = Debug|Any CPU
		{C15383D0-1CAE-47ED-A15B-41CC5F15FF3F}.Debug|x64.Build.0 = Debug|Any CPU
		{C15383D0-1CAE-47ED-A15B-41CC5F15FF3F}.Debug|x86.ActiveCfg = Debug|Any CPU
		{C15383D0-1CAE-47ED-A15B-41CC5F15FF3F}.Debug|x86.Build.0 = Debug|Any CPU
		{C15383D0-1CAE-47ED-A15B-41CC5F15FF3F}.Release|Any CPU.ActiveCfg = Release|Any CPU
		{C15383D0-1CAE-47ED-A15B-41CC5F15FF3F}.Release|Any CPU.Build.0 = Release|Any CPU
		{C15383D0-1CAE-47ED-A15B-41CC5F15FF3F}.Release|x64.ActiveCfg = Release|Any CPU
		{C15383D0-1CAE-47ED-A15B-41CC5F15FF3F}.Release|x64.Build.0 = Release|Any CPU
		{C15383D0-1CAE-47ED-A15B-41CC5F15FF3F}.Release|x86.ActiveCfg = Release|Any CPU
		{C15383D0-1CAE-47ED-A15B-41CC5F15FF3F}.Release|x86.Build.0 = Release|Any CPU
	EndGlobalSection
EndGlobal
